
Microsoft Visual Studio Solution File, Format Version 12.00
# Visual Studio 15
VisualStudioVersion = 15.0.28307.1000
MinimumVisualStudioVersion = 10.0.40219.1
Project("{FAE04EC0-301F-11D3-BF4B-00C04F79EFBC}") = "QuickHull3D", "QuickHull3D\QuickHull3D.csproj", "{D2F3C6D3-76D6-4369-8CE1-E297E3BF34B8}"
EndProject
Project("{FAE04EC0-301F-11D3-BF4B-00C04F79EFBC}") = "QuickHull3DTest", "QuickHull3DTest\QuickHull3DTest.csproj", "{73533E71-8932-4530-B738-844066648FBA}"
EndProject
Global
	GlobalSection(SolutionConfigurationPlatforms) = preSolution
		Debug|Any CPU = Debug|Any CPU
		Release|Any CPU = Release|Any CPU
	EndGlobalSection
	GlobalSection(ProjectConfigurationPlatforms) = postSolution
		{D2F3C6D3-76D6-4369-8CE1-E297E3BF34B8}.Debug|Any CPU.ActiveCfg = Debug|Any CPU
		{D2F3C6D3-76D6-4369-8CE1-E297E3BF34B8}.Debug|Any CPU.Build.0 = Debug|Any CPU
		{D2F3C6D3-76D6-4369-8CE1-E297E3BF34B8}.Release|Any CPU.ActiveCfg = Release|Any CPU
		{D2F3C6D3-76D6-4369-8CE1-E297E3BF34B8}.Release|Any CPU.Build.0 = Release|Any CPU
		{73533E71-8932-4530-B738-844066648FBA}.Debug|Any CPU.ActiveCfg = Debug|Any CPU
		{73533E71-8932-4530-B738-844066648FBA}.Debug|Any CPU.Build.0 = Debug|Any CPU
		{73533E71-8932-4530-B738-844066648FBA}.Release|Any CPU.ActiveCfg = Release|Any CPU
		{73533E71-8932-4530-B738-844066648FBA}.Release|Any CPU.Build.0 = Release|Any CPU
	EndGlobalSection
	GlobalSection(SolutionProperties) = preSolution
		HideSolutionNode = FALSE
	EndGlobalSection
	GlobalSection(ExtensibilityGlobals) = postSolution
		SolutionGuid = {AAE8C7C4-FDAA-4A42-971B-090F98D7F1A2}
	EndGlobalSection
EndGlobal
